
Microsoft Visual Studio Solution File, Format Version 12.00
# Visual Studio 15
VisualStudioVersion = 15.0.28307.102
MinimumVisualStudioVersion = 10.0.40219.1
Project("{FAE04EC0-301F-11D3-BF4B-00C04F79EFBC}") = "Lands.Android", "Lands\Lands.Android\Lands.Android.csproj", "{B38846AE-35EA-493A-AD12-78BD4A4316D5}"
EndProject
Project("{FAE04EC0-301F-11D3-BF4B-00C04F79EFBC}") = "Lands.iOS", "Lands\Lands.iOS\Lands.iOS.csproj", "{C729FFA9-C027-4611-85D9-3B9419CE6550}"
EndProject
Project("{9A19103F-16F7-4668-BE54-9A1E7A4F7556}") = "Lands", "Lands\Lands\Lands.csproj", "{562915E6-0CCD-4D83-9AC0-13740E6C6F4E}"
EndProject
Project("{FAE04EC0-301F-11D3-BF4B-00C04F79EFBC}") = "Lands.Domain", "Lands.Domain\Lands.Domain.csproj", "{5AD0572B-3B4B-460A-AAD2-8CC386833CEA}"
EndProject
Project("{FAE04EC0-301F-11D3-BF4B-00C04F79EFBC}") = "Lands.Backend", "Lands.Backend\Lands.Backend.csproj", "{A146D18D-3F82-4D8B-A296-BE27F22FFC2B}"
EndProject
Project("{FAE04EC0-301F-11D3-BF4B-00C04F79EFBC}") = "Lands.API", "Lands.API\Lands.API.csproj", "{AFD59FE7-5094-4B74-AD27-DF5193AE937A}"
EndProject
Global
	GlobalSection(SolutionConfigurationPlatforms) = preSolution
		Ad-Hoc|Any CPU = Ad-Hoc|Any CPU
		Ad-Hoc|iPhone = Ad-Hoc|iPhone
		Ad-Hoc|iPhoneSimulator = Ad-Hoc|iPhoneSimulator
		AppStore|Any CPU = AppStore|Any CPU
		AppStore|iPhone = AppStore|iPhone
		AppStore|iPhoneSimulator = AppStore|iPhoneSimulator
		Debug|Any CPU = Debug|Any CPU
		Debug|iPhone = Debug|iPhone
		Debug|iPhoneSimulator = Debug|iPhoneSimulator
		Release|Any CPU = Release|Any CPU
		Release|iPhone = Release|iPhone
		Release|iPhoneSimulator = Release|iPhoneSimulator
	EndGlobalSection
	GlobalSection(ProjectConfigurationPlatforms) = postSolution
		{B38846AE-35EA-493A-AD12-78BD4A4316D5}.Ad-Hoc|Any CPU.ActiveCfg = Release|Any CPU
		{B38846AE-35EA-493A-AD12-78BD4A4316D5}.Ad-Hoc|Any CPU.Build.0 = Release|Any CPU
		{B38846AE-35EA-493A-AD12-78BD4A4316D5}.Ad-Hoc|Any CPU.Deploy.0 = Release|Any CPU
		{B38846AE-35EA-493A-AD12-78BD4A4316D5}.Ad-Hoc|iPhone.ActiveCfg = Release|Any CPU
		{B38846AE-35EA-493A-AD12-78BD4A4316D5}.Ad-Hoc|iPhone.Build.0 = Release|Any CPU
		{B38846AE-35EA-493A-AD12-78BD4A4316D5}.Ad-Hoc|iPhone.Deploy.0 = Release|Any CPU
		{B38846AE-35EA-493A-AD12-78BD4A4316D5}.Ad-Hoc|iPhoneSimulator.ActiveCfg = Release|Any CPU
		{B38846AE-35EA-493A-AD12-78BD4A4316D5}.Ad-Hoc|iPhoneSimulator.Build.0 = Release|Any CPU
		{B38846AE-35EA-493A-AD12-78BD4A4316D5}.Ad-Hoc|iPhoneSimulator.Deploy.0 = Release|Any CPU
		{B38846AE-35EA-493A-AD12-78BD4A4316D5}.AppStore|Any CPU.ActiveCfg = Release|Any CPU
		{B38846AE-35EA-493A-AD12-78BD4A4316D5}.AppStore|Any CPU.Build.0 = Release|Any CPU
		{B38846AE-35EA-493A-AD12-78BD4A4316D5}.AppStore|Any CPU.Deploy.0 = Release|Any CPU
		{B38846AE-35EA-493A-AD12-78BD4A4316D5}.AppStore|iPhone.ActiveCfg = Release|Any CPU
		{B38846AE-35EA-493A-AD12-78BD4A4316D5}.AppStore|iPhone.Build.0 = Release|Any CPU
		{B38846AE-35EA-493A-AD12-78BD4A4316D5}.AppStore|iPhone.Deploy.0 = Release|Any CPU
		{B38846AE-35EA-493A-AD12-78BD4A4316D5}.AppStore|iPhoneSimulator.ActiveCfg = Release|Any CPU
		{B38846AE-35EA-493A-AD12-78BD4A4316D5}.AppStore|iPhoneSimulator.Build.0 = Release|Any CPU
		{B38846AE-35EA-493A-AD12-78BD4A4316D5}.AppStore|iPhoneSimulator.Deploy.0 = Release|Any CPU
		{B38846AE-35EA-493A-AD12-78BD4A4316D5}.Debug|Any CPU.ActiveCfg = Debug|Any CPU
		{B38846AE-35EA-493A-AD12-78BD4A4316D5}.Debug|Any CPU.Build.0 = Debug|Any CPU
		{B38846AE-35EA-493A-AD12-78BD4A4316D5}.Debug|Any CPU.Deploy.0 = Debug|Any CPU
		{B38846AE-35EA-493A-AD12-78BD4A4316D5}.Debug|iPhone.ActiveCfg = Debug|Any CPU
		{B38846AE-35EA-493A-AD12-78BD4A4316D5}.Debug|iPhone.Build.0 = Debug|Any CPU
		{B38846AE-35EA-493A-AD12-78BD4A4316D5}.Debug|iPhone.Deploy.0 = Debug|Any CPU
		{B38846AE-35EA-493A-AD12-78BD4A4316D5}.Debug|iPhoneSimulator.ActiveCfg = Debug|Any CPU
		{B38846AE-35EA-493A-AD12-78BD4A4316D5}.Debug|iPhoneSimulator.Build.0 = Debug|Any CPU
		{B38846AE-35EA-493A-AD12-78BD4A4316D5}.Debug|iPhoneSimulator.Deploy.0 = Debug|Any CPU
		{B38846AE-35EA-493A-AD12-78BD4A4316D5}.Release|Any CPU.ActiveCfg = Release|Any CPU
		{B38846AE-35EA-493A-AD12-78BD4A4316D5}.Release|Any CPU.Build.0 = Release|Any CPU
		{B38846AE-35EA-493A-AD12-78BD4A4316D5}.Release|Any CPU.Deploy.0 = Release|Any CPU
		{B38846AE-35EA-493A-AD12-78BD4A4316D5}.Release|iPhone.ActiveCfg = Release|Any CPU
		{B38846AE-35EA-493A-AD12-78BD4A4316D5}.Release|iPhone.Build.0 = Release|Any CPU
		{B38846AE-35EA-493A-AD12-78BD4A4316D5}.Release|iPhone.Deploy.0 = Release|Any CPU
		{B38846AE-35EA-493A-AD12-78BD4A4316D5}.Release|iPhoneSimulator.ActiveCfg = Release|Any CPU
		{B38846AE-35EA-493A-AD12-78BD4A4316D5}.Release|iPhoneSimulator.Build.0 = Release|Any CPU
		{B38846AE-35EA-493A-AD12-78BD4A4316D5}.Release|iPhoneSimulator.Deploy.0 = Release|Any CPU
		{C729FFA9-C027-4611-85D9-3B9419CE6550}.Ad-Hoc|Any CPU.ActiveCfg = Ad-Hoc|iPhone
		{C729FFA9-C027-4611-85D9-3B9419CE6550}.Ad-Hoc|Any CPU.Build.0 = Ad-Hoc|iPhone
		{C729FFA9-C027-4611-85D9-3B9419CE6550}.Ad-Hoc|Any CPU.Deploy.0 = Ad-Hoc|iPhone
		{C729FFA9-C027-4611-85D9-3B9419CE6550}.Ad-Hoc|iPhone.ActiveCfg = Ad-Hoc|iPhone
		{C729FFA9-C027-4611-85D9-3B9419CE6550}.Ad-Hoc|iPhone.Build.0 = Ad-Hoc|iPhone
		{C729FFA9-C027-4611-85D9-3B9419CE6550}.Ad-Hoc|iPhone.Deploy.0 = Ad-Hoc|iPhone
		{C729FFA9-C027-4611-85D9-3B9419CE6550}.Ad-Hoc|iPhoneSimulator.ActiveCfg = Ad-Hoc|iPhoneSimulator
		{C729FFA9-C027-4611-85D9-3B9419CE6550}.Ad-Hoc|iPhoneSimulator.Build.0 = Ad-Hoc|iPhoneSimulator
		{C729FFA9-C027-4611-85D9-3B9419CE6550}.Ad-Hoc|iPhoneSimulator.Deploy.0 = Ad-Hoc|iPhoneSimulator
		{C729FFA9-C027-4611-85D9-3B9419CE6550}.AppStore|Any CPU.ActiveCfg = AppStore|iPhone
		{C729FFA9-C027-4611-85D9-3B9419CE6550}.AppStore|Any CPU.Build.0 = AppStore|iPhone
		{C729FFA9-C027-4611-85D9-3B9419CE6550}.AppStore|Any CPU.Deploy.0 = AppStore|iPhone
		{C729FFA9-C027-4611-85D9-3B9419CE6550}.AppStore|iPhone.ActiveCfg = AppStore|iPhone
		{C729FFA9-C027-4611-85D9-3B9419CE6550}.AppStore|iPhone.Build.0 = AppStore|iPhone
		{C729FFA9-C027-4611-85D9-3B9419CE6550}.AppStore|iPhone.Deploy.0 = AppStore|iPhone
		{C729FFA9-C027-4611-85D9-3B9419CE6550}.AppStore|iPhoneSimulator.ActiveCfg = AppStore|iPhoneSimulator
		{C729FFA9-C027-4611-85D9-3B9419CE6550}.AppStore|iPhoneSimulator.Build.0 = AppStore|iPhoneSimulator
		{C729FFA9-C027-4611-85D9-3B9419CE6550}.AppStore|iPhoneSimulator.Deploy.0 = AppStore|iPhoneSimulator
		{C729FFA9-C027-4611-85D9-3B9419CE6550}.Debug|Any CPU.ActiveCfg = Debug|iPhoneSimulator
		{C729FFA9-C027-4611-85D9-3B9419CE6550}.Debug|Any CPU.Build.0 = Debug|iPhoneSimulator
		{C729FFA9-C027-4611-85D9-3B9419CE6550}.Debug|Any CPU.Deploy.0 = Debug|iPhoneSimulator
		{C729FFA9-C027-4611-85D9-3B9419CE6550}.Debug|iPhone.ActiveCfg = Debug|iPhone
		{C729FFA9-C027-4611-85D9-3B9419CE6550}.Debug|iPhone.Build.0 = Debug|iPhone
		{C729FFA9-C027-4611-85D9-3B9419CE6550}.Debug|iPhone.Deploy.0 = Debug|iPhone
		{C729FFA9-C027-4611-85D9-3B9419CE6550}.Debug|iPhoneSimulator.ActiveCfg = Debug|iPhoneSimulator
		{C729FFA9-C027-4611-85D9-3B9419CE6550}.Debug|iPhoneSimulator.Build.0 = Debug|iPhoneSimulator
		{C729FFA9-C027-4611-85D9-3B9419CE6550}.Debug|iPhoneSimulator.Deploy.0 = Debug|iPhoneSimulator
		{C729FFA9-C027-4611-85D9-3B9419CE6550}.Release|Any CPU.ActiveCfg = Release|iPhone
		{C729FFA9-C027-4611-85D9-3B9419CE6550}.Release|Any CPU.Build.0 = Release|iPhone
		{C729FFA9-C027-4611-85D9-3B9419CE6550}.Release|Any CPU.Deploy.0 = Release|iPhone
		{C729FFA9-C027-4611-85D9-3B9419CE6550}.Release|iPhone.ActiveCfg = Release|iPhone
		{C729FFA9-C027-4611-85D9-3B9419CE6550}.Release|iPhone.Build.0 = Release|iPhone
		{C729FFA9-C027-4611-85D9-3B9419CE6550}.Release|iPhone.Deploy.0 = Release|iPhone
		{C729FFA9-C027-4611-85D9-3B9419CE6550}.Release|iPhoneSimulator.ActiveCfg = Release|iPhoneSimulator
		{C729FFA9-C027-4611-85D9-3B9419CE6550}.Release|iPhoneSimulator.Build.0 = Release|iPhoneSimulator
		{C729FFA9-C027-4611-85D9-3B9419CE6550}.Release|iPhoneSimulator.Deploy.0 = Release|iPhoneSimulator
		{562915E6-0CCD-4D83-9AC0-13740E6C6F4E}.Ad-Hoc|Any CPU.ActiveCfg = Debug|Any CPU
		{562915E6-0CCD-4D83-9AC0-13740E6C6F4E}.Ad-Hoc|Any CPU.Build.0 = Debug|Any CPU
		{562915E6-0CCD-4D83-9AC0-13740E6C6F4E}.Ad-Hoc|Any CPU.Deploy.0 = Debug|Any CPU
		{562915E6-0CCD-4D83-9AC0-13740E6C6F4E}.Ad-Hoc|iPhone.ActiveCfg = Debug|Any CPU
		{562915E6-0CCD-4D83-9AC0-13740E6C6F4E}.Ad-Hoc|iPhone.Build.0 = Debug|Any CPU
		{562915E6-0CCD-4D83-9AC0-13740E6C6F4E}.Ad-Hoc|iPhone.Deploy.0 = Debug|Any CPU
		{562915E6-0CCD-4D83-9AC0-13740E6C6F4E}.Ad-Hoc|iPhoneSimulator.ActiveCfg = Debug|Any CPU
		{562915E6-0CCD-4D83-9AC0-13740E6C6F4E}.Ad-Hoc|iPhoneSimulator.Build.0 = Debug|Any CPU
		{562915E6-0CCD-4D83-9AC0-13740E6C6F4E}.Ad-Hoc|iPhoneSimulator.Deploy.0 = Debug|Any CPU
		{562915E6-0CCD-4D83-9AC0-13740E6C6F4E}.AppStore|Any CPU.ActiveCfg = Debug|Any CPU
		{562915E6-0CCD-4D83-9AC0-13740E6C6F4E}.AppStore|Any CPU.Build.0 = Debug|Any CPU
		{562915E6-0CCD-4D83-9AC0-13740E6C6F4E}.AppStore|Any CPU.Deploy.0 = Debug|Any CPU
		{562915E6-0CCD-4D83-9AC0-13740E6C6F4E}.AppStore|iPhone.ActiveCfg = Debug|Any CPU
		{562915E6-0CCD-4D83-9AC0-13740E6C6F4E}.AppStore|iPhone.Build.0 = Debug|Any CPU
		{562915E6-0CCD-4D83-9AC0-13740E6C6F4E}.AppStore|iPhone.Deploy.0 = Debug|Any CPU
		{562915E6-0CCD-4D83-9AC0-13740E6C6F4E}.AppStore|iPhoneSimulator.ActiveCfg = Debug|Any CPU
		{562915E6-0CCD-4D83-9AC0-13740E6C6F4E}.AppStore|iPhoneSimulator.Build.0 = Debug|Any CPU
		{562915E6-0CCD-4D83-9AC0-13740E6C6F4E}.AppStore|iPhoneSimulator.Deploy.0 = Debug|Any CPU
		{562915E6-0CCD-4D83-9AC0-13740E6C6F4E}.Debug|Any CPU.ActiveCfg = Debug|Any CPU
		{562915E6-0CCD-4D83-9AC0-13740E6C6F4E}.Debug|Any CPU.Build.0 = Debug|Any CPU
		{562915E6-0CCD-4D83-9AC0-13740E6C6F4E}.Debug|Any CPU.Deploy.0 = Debug|Any CPU
		{562915E6-0CCD-4D83-9AC0-13740E6C6F4E}.Debug|iPhone.ActiveCfg = Debug|Any CPU
		{562915E6-0CCD-4D83-9AC0-13740E6C6F4E}.Debug|iPhone.Build.0 = Debug|Any CPU
		{562915E6-0CCD-4D83-9AC0-13740E6C6F4E}.Debug|iPhone.Deploy.0 = Debug|Any CPU
		{562915E6-0CCD-4D83-9AC0-13740E6C6F4E}.Debug|iPhoneSimulator.ActiveCfg = Debug|Any CPU
		{562915E6-0CCD-4D83-9AC0-13740E6C6F4E}.Debug|iPhoneSimulator.Build.0 = Debug|Any CPU
		{562915E6-0CCD-4D83-9AC0-13740E6C6F4E}.Debug|iPhoneSimulator.Deploy.0 = Debug|Any CPU
		{562915E6-0CCD-4D83-9AC0-13740E6C6F4E}.Release|Any CPU.ActiveCfg = Release|Any CPU
		{562915E6-0CCD-4D83-9AC0-13740E6C6F4E}.Release|Any CPU.Build.0 = Release|Any CPU
		{562915E6-0CCD-4D83-9AC0-13740E6C6F4E}.Release|Any CPU.Deploy.0 = Release|Any CPU
		{562915E6-0CCD-4D83-9AC0-13740E6C6F4E}.Release|iPhone.ActiveCfg = Release|Any CPU
		{562915E6-0CCD-4D83-9AC0-13740E6C6F4E}.Release|iPhone.Build.0 = Release|Any CPU
		{562915E6-0CCD-4D83-9AC0-13740E6C6F4E}.Release|iPhone.Deploy.0 = Release|Any CPU
		{562915E6-0CCD-4D83-9AC0-13740E6C6F4E}.Release|iPhoneSimulator.ActiveCfg = Release|Any CPU
		{562915E6-0CCD-4D83-9AC0-13740E6C6F4E}.Release|iPhoneSimulator.Build.0 = Release|Any CPU
		{562915E6-0CCD-4D83-9AC0-13740E6C6F4E}.Release|iPhoneSimulator.Deploy.0 = Release|Any CPU
		{5AD0572B-3B4B-460A-AAD2-8CC386833CEA}.Ad-Hoc|Any CPU.ActiveCfg = Release|Any CPU
		{5AD0572B-3B4B-460A-AAD2-8CC386833CEA}.Ad-Hoc|Any CPU.Build.0 = Release|Any CPU
		{5AD0572B-3B4B-460A-AAD2-8CC386833CEA}.Ad-Hoc|iPhone.ActiveCfg = Release|Any CPU
		{5AD0572B-3B4B-460A-AAD2-8CC386833CEA}.Ad-Hoc|iPhone.Build.0 = Release|Any CPU
		{5AD0572B-3B4B-460A-AAD2-8CC386833CEA}.Ad-Hoc|iPhoneSimulator.ActiveCfg = Release|Any CPU
		{5AD0572B-3B4B-460A-AAD2-8CC386833CEA}.Ad-Hoc|iPhoneSimulator.Build.0 = Release|Any CPU
		{5AD0572B-3B4B-460A-AAD2-8CC386833CEA}.AppStore|Any CPU.ActiveCfg = Release|Any CPU
		{5AD0572B-3B4B-460A-AAD2-8CC386833CEA}.AppStore|Any CPU.Build.0 = Release|Any CPU
		{5AD0572B-3B4B-460A-AAD2-8CC386833CEA}.AppStore|iPhone.ActiveCfg = Release|Any CPU
		{5AD0572B-3B4B-460A-AAD2-8CC386833CEA}.AppStore|iPhone.Build.0 = Release|Any CPU
		{5AD0572B-3B4B-460A-AAD2-8CC386833CEA}.AppStore|iPhoneSimulator.ActiveCfg = Release|Any CPU
		{5AD0572B-3B4B-460A-AAD2-8CC386833CEA}.AppStore|iPhoneSimulator.Build.0 = Release|Any CPU
		{5AD0572B-3B4B-460A-AAD2-8CC386833CEA}.Debug|Any CPU.ActiveCfg = Debug|Any CPU
		{5AD0572B-3B4B-460A-AAD2-8CC386833CEA}.Debug|Any CPU.Build.0 = Debug|Any CPU
		{5AD0572B-3B4B-460A-AAD2-8CC386833CEA}.Debug|iPhone.ActiveCfg = Debug|Any CPU
		{5AD0572B-3B4B-460A-AAD2-8CC386833CEA}.Debug|iPhone.Build.0 = Debug|Any CPU
		{5AD0572B-3B4B-460A-AAD2-8CC386833CEA}.Debug|iPhoneSimulator.ActiveCfg = Debug|Any CPU
		{5AD0572B-3B4B-460A-AAD2-8CC386833CEA}.Debug|iPhoneSimulator.Build.0 = Debug|Any CPU
		{5AD0572B-3B4B-460A-AAD2-8CC386833CEA}.Release|Any CPU.ActiveCfg = Release|Any CPU
		{5AD0572B-3B4B-460A-AAD2-8CC386833CEA}.Release|Any CPU.Build.0 = Release|Any CPU
		{5AD0572B-3B4B-460A-AAD2-8CC386833CEA}.Release|iPhone.ActiveCfg = Release|Any CPU
		{5AD0572B-3B4B-460A-AAD2-8CC386833CEA}.Release|iPhone.Build.0 = Release|Any CPU
		{5AD0572B-3B4B-460A-AAD2-8CC386833CEA}.Release|iPhoneSimulator.ActiveCfg = Release|Any CPU
		{5AD0572B-3B4B-460A-AAD2-8CC386833CEA}.Release|iPhoneSimulator.Build.0 = Release|Any CPU
		{A146D18D-3F82-4D8B-A296-BE27F22FFC2B}.Ad-Hoc|Any CPU.ActiveCfg = Release|Any CPU
		{A146D18D-3F82-4D8B-A296-BE27F22FFC2B}.Ad-Hoc|Any CPU.Build.0 = Release|Any CPU
		{A146D18D-3F82-4D8B-A296-BE27F22FFC2B}.Ad-Hoc|iPhone.ActiveCfg = Release|Any CPU
		{A146D18D-3F82-4D8B-A296-BE27F22FFC2B}.Ad-Hoc|iPhone.Build.0 = Release|Any CPU
		{A146D18D-3F82-4D8B-A296-BE27F22FFC2B}.Ad-Hoc|iPhoneSimulator.ActiveCfg = Release|Any CPU
		{A146D18D-3F82-4D8B-A296-BE27F22FFC2B}.Ad-Hoc|iPhoneSimulator.Build.0 = Release|Any CPU
		{A146D18D-3F82-4D8B-A296-BE27F22FFC2B}.AppStore|Any CPU.ActiveCfg = Release|Any CPU
		{A146D18D-3F82-4D8B-A296-BE27F22FFC2B}.AppStore|Any CPU.Build.0 = Release|Any CPU
		{A146D18D-3F82-4D8B-A296-BE27F22FFC2B}.AppStore|iPhone.ActiveCfg = Release|Any CPU
		{A146D18D-3F82-4D8B-A296-BE27F22FFC2B}.AppStore|iPhone.Build.0 = Release|Any CPU
		{A146D18D-3F82-4D8B-A296-BE27F22FFC2B}.AppStore|iPhoneSimulator.ActiveCfg = Release|Any CPU
		{A146D18D-3F82-4D8B-A296-BE27F22FFC2B}.AppStore|iPhoneSimulator.Build.0 = Release|Any CPU
		{A146D18D-3F82-4D8B-A296-BE27F22FFC2B}.Debug|Any CPU.ActiveCfg = Debug|Any CPU
		{A146D18D-3F82-4D8B-A296-BE27F22FFC2B}.Debug|Any CPU.Build.0 = Debug|Any CPU
		{A146D18D-3F82-4D8B-A296-BE27F22FFC2B}.Debug|iPhone.ActiveCfg = Debug|Any CPU
		{A146D18D-3F82-4D8B-A296-BE27F22FFC2B}.Debug|iPhone.Build.0 = Debug|Any CPU
		{A146D18D-3F82-4D8B-A296-BE27F22FFC2B}.Debug|iPhoneSimulator.ActiveCfg = Debug|Any CPU
		{A146D18D-3F82-4D8B-A296-BE27F22FFC2B}.Debug|iPhoneSimulator.Build.0 = Debug|Any CPU
		{A146D18D-3F82-4D8B-A296-BE27F22FFC2B}.Release|Any CPU.ActiveCfg = Release|Any CPU
		{A146D18D-3F82-4D8B-A296-BE27F22FFC2B}.Release|Any CPU.Build.0 = Release|Any CPU
		{A146D18D-3F82-4D8B-A296-BE27F22FFC2B}.Release|iPhone.ActiveCfg = Release|Any CPU
		{A146D18D-3F82-4D8B-A296-BE27F22FFC2B}.Release|iPhone.Build.0 = Release|Any CPU
		{A146D18D-3F82-4D8B-A296-BE27F22FFC2B}.Release|iPhoneSimulator.ActiveCfg = Release|Any CPU
		{A146D18D-3F82-4D8B-A296-BE27F22FFC2B}.Release|iPhoneSimulator.Build.0 = Release|Any CPU
		{AFD59FE7-5094-4B74-AD27-DF5193AE937A}.Ad-Hoc|Any CPU.ActiveCfg = Release|Any CPU
		{AFD59FE7-5094-4B74-AD27-DF5193AE937A}.Ad-Hoc|Any CPU.Build.0 = Release|Any CPU
		{AFD59FE7-5094-4B74-AD27-DF5193AE937A}.Ad-Hoc|iPhone.ActiveCfg = Release|Any CPU
		{AFD59FE7-5094-4B74-AD27-DF5193AE937A}.Ad-Hoc|iPhone.Build.0 = Release|Any CPU
		{AFD59FE7-5094-4B74-AD27-DF5193AE937A}.Ad-Hoc|iPhoneSimulator.ActiveCfg = Release|Any CPU
		{AFD59FE7-5094-4B74-AD27-DF5193AE937A}.Ad-Hoc|iPhoneSimulator.Build.0 = Release|Any CPU
		{AFD59FE7-5094-4B74-AD27-DF5193AE937A}.AppStore|Any CPU.ActiveCfg = Release|Any CPU
		{AFD59FE7-5094-4B74-AD27-DF5193AE937A}.AppStore|Any CPU.Build.0 = Release|Any CPU
		{AFD59FE7-5094-4B74-AD27-DF5193AE937A}.AppStore|iPhone.ActiveCfg = Release|Any CPU
		{AFD59FE7-5094-4B74-AD27-DF5193AE937A}.AppStore|iPhone.Build.0 = Release|Any CPU
		{AFD59FE7-5094-4B74-AD27-DF5193AE937A}.AppStore|iPhoneSimulator.ActiveCfg = Release|Any CPU
		{AFD59FE7-5094-4B74-AD27-DF5193AE937A}.AppStore|iPhoneSimulator.Build.0 = Release|Any CPU
		{AFD59FE7-5094-4B74-AD27-DF5193AE937A}.Debug|Any CPU.ActiveCfg = Debug|Any CPU
		{AFD59FE7-5094-4B74-AD27-DF5193AE937A}.Debug|Any CPU.Build.0 = Debug|Any CPU
		{AFD59FE7-5094-4B74-AD27-DF5193AE937A}.Debug|iPhone.ActiveCfg = Debug|Any CPU
		{AFD59FE7-5094-4B74-AD27-DF5193AE937A}.Debug|iPhone.Build.0 = Debug|Any CPU
		{AFD59FE7-5094-4B74-AD27-DF5193AE937A}.Debug|iPhoneSimulator.ActiveCfg = Debug|Any CPU
		{AFD59FE7-5094-4B74-AD27-DF5193AE937A}.Debug|iPhoneSimulator.Build.0 = Debug|Any CPU
		{AFD59FE7-5094-4B74-AD27-DF5193AE937A}.Release|Any CPU.ActiveCfg = Release|Any CPU
		{AFD59FE7-5094-4B74-AD27-DF5193AE937A}.Release|Any CPU.Build.0 = Release|Any CPU
		{AFD59FE7-5094-4B74-AD27-DF5193AE937A}.Release|iPhone.ActiveCfg = Release|Any CPU
		{AFD59FE7-5094-4B74-AD27-DF5193AE937A}.Release|iPhone.Build.0 = Release|Any CPU
		{AFD59FE7-5094-4B74-AD27-DF5193AE937A}.Release|iPhoneSimulator.ActiveCfg = Release|Any CPU
		{AFD59FE7-5094-4B74-AD27-DF5193AE937A}.Release|iPhoneSimulator.Build.0 = Release|Any CPU
	EndGlobalSection
	GlobalSection(SolutionProperties) = preSolution
		HideSolutionNode = FALSE
	EndGlobalSection
	GlobalSection(ExtensibilityGlobals) = postSolution
		SolutionGuid = {317FE1C8-B076-4C30-A789-60EC3952B5CD}
	EndGlobalSection
EndGlobal
